<?xml version="1.0" encoding="utf-8"?>
<Project ToolsVersion="4.0" xmlns="http://schemas.microsoft.com/developer/msbuild/2003">
  <ItemGroup>
    <Filter Include="源文件">
      <UniqueIdentifier>{4FC737F1-C7A5-4376-A066-2A32D752A2FF}</UniqueIdentifier>
      <Extensions>cpp;c;cc;cxx;c++;cppm;ixx;def;odl;idl;hpj;bat;asm;asmx</Extensions>
    </Filter>
    <Filter Include="头文件">
      <UniqueIdentifier>{93995380-89BD-4b04-88EB-625FBE52EBFB}</UniqueIdentifier>
      <Extensions>h;hh;hpp;hxx;h++;hm;inl;inc;ipp;xsd</Extensions>
    </Filter>
    <Filter Include="资源文件">
      <UniqueIdentifier>{67DA6AB6-F800-4c08-8B7A-83BB121AAD01}</UniqueIdentifier>
      <Extensions>rc;ico;cur;bmp;dlg;rc2;rct;bin;rgs;gif;jpg;jpeg;jpe;resx;tiff;tif;png;wav;mfcribbon-ms</Extensions>
    </Filter>
    <Filter Include="头文件\suanFa">
      <UniqueIdentifier>{72256b78-39bc-4b96-b3cf-aea6c2d50579}</UniqueIdentifier>
    </Filter>
    <Filter Include="头文件\shuJuJieGou">
      <UniqueIdentifier>{5a0b8b56-76c6-4e8a-822c-1b4aa7c2cc80}</UniqueIdentifier>
    </Filter>
    <Filter Include="源文件\suanFa">
      <UniqueIdentifier>{1511940c-8201-454c-b0c3-31587437bb6d}</UniqueIdentifier>
    </Filter>
    <Filter Include="源文件\shuJuJieGou">
      <UniqueIdentifier>{1f6411d0-4c71-43b5-8e3e-0d7aedd4535a}</UniqueIdentifier>
    </Filter>
  </ItemGroup>
  <ItemGroup>
    <ClCompile Include="leetcode.cpp">
      <Filter>源文件\suanFa</Filter>
    </ClCompile>
    <ClCompile Include="jianZhiOffer.cpp">
      <Filter>源文件\suanFa</Filter>
    </ClCompile>
    <ClCompile Include="ContiguousList.cpp">
      <Filter>源文件\shuJuJieGou</Filter>
    </ClCompile>
    <ClCompile Include="linkedList.cpp">
      <Filter>源文件\shuJuJieGou</Filter>
    </ClCompile>
    <ClCompile Include="Source.cpp">
      <Filter>源文件</Filter>
    </ClCompile>
    <ClCompile Include="tree.cpp">
      <Filter>源文件\shuJuJieGou</Filter>
    </ClCompile>
    <ClCompile Include="shanDaWang.cpp">
      <Filter>源文件\suanFa</Filter>
    </ClCompile>
  </ItemGroup>
  <ItemGroup>
    <ClInclude Include="jianZhiOffer.h">
      <Filter>头文件\suanFa</Filter>
    </ClInclude>
    <ClInclude Include="leetcode.h">
      <Filter>头文件\suanFa</Filter>
    </ClInclude>
    <ClInclude Include="ContiguousList.h">
      <Filter>头文件\shuJuJieGou</Filter>
    </ClInclude>
    <ClInclude Include="linkedList.h">
      <Filter>头文件\shuJuJieGou</Filter>
    </ClInclude>
    <ClInclude Include="标头.h">
      <Filter>头文件</Filter>
    </ClInclude>
    <ClInclude Include="tree.h">
      <Filter>头文件\shuJuJieGou</Filter>
    </ClInclude>
    <ClInclude Include="shanDaWang.h">
      <Filter>头文件\suanFa</Filter>
    </ClInclude>
  </ItemGroup>
  <ItemGroup>
    <None Include="cpp.hint" />
  </ItemGroup>
</Project>